# This file is autogenerated, do not edit; changes may be undone by the next 'dep ensure'.


[[projects]]
  name = "github.com/dgrijalva/jwt-go"
  packages = ["."]
  revision = "dbeaa9332f19a944acb5736b4456cfcc02140e29"
  version = "v3.1.0"

[[projects]]
  branch = "master"
  name = "github.com/tsunny/go-common.git"
  packages = ["utils"]
  revision = "e871b03888467a66e18075818d0c844fd76ff0e3"

[solve-meta]
  analyzer-name = "dep"
  analyzer-version = 1
  inputs-digest = "9c5259315b7b5066e12902b7350391a7f78c40ceee4c5927e51b18aebb51a7d9"
  solver-name = "gps-cdcl"
  solver-version = 1
